<?xml version="1.0" encoding="utf-8"?>
<Project ToolsVersion="4.0" xmlns="http://schemas.microsoft.com/developer/msbuild/2003">
  <ItemGroup>
    <Filter Include="Source Files">
      <UniqueIdentifier>{4FC737F1-C7A5-4376-A066-2A32D752A2FF}</UniqueIdentifier>
      <Extensions>cpp;c;cc;cxx;c++;cppm;ixx;def;odl;idl;hpj;bat;asm;asmx</Extensions>
    </Filter>
    <Filter Include="Header Files">
      <UniqueIdentifier>{93995380-89BD-4b04-88EB-625FBE52EBFB}</UniqueIdentifier>
      <Extensions>h;hh;hpp;hxx;h++;hm;inl;inc;ipp;xsd</Extensions>
    </Filter>
    <Filter Include="Resource Files">
      <UniqueIdentifier>{67DA6AB6-F800-4c08-8B7A-83BB121AAD01}</UniqueIdentifier>
      <Extensions>rc;ico;cur;bmp;dlg;rc2;rct;bin;rgs;gif;jpg;jpeg;jpe;resx;tiff;tif;png;wav;mfcribbon-ms</Extensions>
    </Filter>
  </ItemGroup>
  <ItemGroup>
    <None Include="packages.config" />
  </ItemGroup>
  <ItemGroup>
    <ClCompile Include="..\..\gamedev-intro-tutorials-master\04-Collision\Sprites.cpp">
      <Filter>Source Files</Filter>
    </ClCompile>
    <ClCompile Include="..\..\gamedev-intro-tutorials-master\04-Collision\Textures.cpp">
      <Filter>Source Files</Filter>
    </ClCompile>
    <ClCompile Include="..\..\gamedev-intro-tutorials-master\04-Collision\Animation.cpp">
      <Filter>Source Files</Filter>
    </ClCompile>
    <ClCompile Include="..\..\gamedev-intro-tutorials-master\04-Collision\Animations.cpp">
      <Filter>Source Files</Filter>
    </ClCompile>
    <ClCompile Include="..\..\gamedev-intro-tutorials-master\04-Collision\Brick.cpp">
      <Filter>Source Files</Filter>
    </ClCompile>
    <ClCompile Include="..\..\gamedev-intro-tutorials-master\04-Collision\Coin.cpp">
      <Filter>Source Files</Filter>
    </ClCompile>
    <ClCompile Include="..\..\gamedev-intro-tutorials-master\04-Collision\Collision.cpp">
      <Filter>Source Files</Filter>
    </ClCompile>
    <ClCompile Include="..\..\gamedev-intro-tutorials-master\04-Collision\debug.cpp">
      <Filter>Source Files</Filter>
    </ClCompile>
    <ClCompile Include="..\..\gamedev-intro-tutorials-master\04-Collision\Game.cpp">
      <Filter>Source Files</Filter>
    </ClCompile>
    <ClCompile Include="..\..\gamedev-intro-tutorials-master\04-Collision\GameObject.cpp">
      <Filter>Source Files</Filter>
    </ClCompile>
    <ClCompile Include="..\..\gamedev-intro-tutorials-master\04-Collision\Goomba.cpp">
      <Filter>Source Files</Filter>
    </ClCompile>
    <ClCompile Include="..\..\gamedev-intro-tutorials-master\04-Collision\Mario.cpp">
      <Filter>Source Files</Filter>
    </ClCompile>
    <ClCompile Include="..\..\gamedev-intro-tutorials-master\04-Collision\Platform.cpp">
      <Filter>Source Files</Filter>
    </ClCompile>
    <ClCompile Include="..\..\gamedev-intro-tutorials-master\04-Collision\SampleKeyEventHandler.cpp">
      <Filter>Source Files</Filter>
    </ClCompile>
    <ClCompile Include="..\..\gamedev-intro-tutorials-master\04-Collision\Sprite.cpp">
      <Filter>Source Files</Filter>
    </ClCompile>
    <ClCompile Include="..\..\gamedev-intro-tutorials-master\04-Collision\main.cpp">
      <Filter>Source Files</Filter>
    </ClCompile>
  </ItemGroup>
  <ItemGroup>
    <ClInclude Include="..\..\gamedev-intro-tutorials-master\04-Collision\Textures.h">
      <Filter>Header Files</Filter>
    </ClInclude>
    <ClInclude Include="..\..\gamedev-intro-tutorials-master\04-Collision\Animation.h">
      <Filter>Header Files</Filter>
    </ClInclude>
    <ClInclude Include="..\..\gamedev-intro-tutorials-master\04-Collision\AnimationFrame.h">
      <Filter>Header Files</Filter>
    </ClInclude>
    <ClInclude Include="..\..\gamedev-intro-tutorials-master\04-Collision\Animations.h">
      <Filter>Header Files</Filter>
    </ClInclude>
    <ClInclude Include="..\..\gamedev-intro-tutorials-master\04-Collision\AssetIDs.h">
      <Filter>Header Files</Filter>
    </ClInclude>
    <ClInclude Include="..\..\gamedev-intro-tutorials-master\04-Collision\Brick.h">
      <Filter>Header Files</Filter>
    </ClInclude>
    <ClInclude Include="..\..\gamedev-intro-tutorials-master\04-Collision\Coin.h">
      <Filter>Header Files</Filter>
    </ClInclude>
    <ClInclude Include="..\..\gamedev-intro-tutorials-master\04-Collision\Collision.h">
      <Filter>Header Files</Filter>
    </ClInclude>
    <ClInclude Include="..\..\gamedev-intro-tutorials-master\04-Collision\debug.h">
      <Filter>Header Files</Filter>
    </ClInclude>
    <ClInclude Include="..\..\gamedev-intro-tutorials-master\04-Collision\Game.h">
      <Filter>Header Files</Filter>
    </ClInclude>
    <ClInclude Include="..\..\gamedev-intro-tutorials-master\04-Collision\GameObject.h">
      <Filter>Header Files</Filter>
    </ClInclude>
    <ClInclude Include="..\..\gamedev-intro-tutorials-master\04-Collision\Goomba.h">
      <Filter>Header Files</Filter>
    </ClInclude>
    <ClInclude Include="..\..\gamedev-intro-tutorials-master\04-Collision\KeyEventHandler.h">
      <Filter>Header Files</Filter>
    </ClInclude>
    <ClInclude Include="..\..\gamedev-intro-tutorials-master\04-Collision\Mario.h">
      <Filter>Header Files</Filter>
    </ClInclude>
    <ClInclude Include="..\..\gamedev-intro-tutorials-master\04-Collision\Platform.h">
      <Filter>Header Files</Filter>
    </ClInclude>
    <ClInclude Include="..\..\gamedev-intro-tutorials-master\04-Collision\SampleKeyEventHandler.h">
      <Filter>Header Files</Filter>
    </ClInclude>
    <ClInclude Include="..\..\gamedev-intro-tutorials-master\04-Collision\Sprite.h">
      <Filter>Header Files</Filter>
    </ClInclude>
    <ClInclude Include="..\..\gamedev-intro-tutorials-master\04-Collision\Sprites.h">
      <Filter>Header Files</Filter>
    </ClInclude>
    <ClInclude Include="..\..\gamedev-intro-tutorials-master\04-Collision\Texture.h">
      <Filter>Header Files</Filter>
    </ClInclude>
  </ItemGroup>
</Project>